
Microsoft Visual Studio Solution File, Format Version 12.00
# Visual Studio Version 17
VisualStudioVersion = 17.4.33110.190
MinimumVisualStudioVersion = 10.0.40219.1
Project("{9A19103F-16F7-4668-BE54-9A1E7A4F7556}") = "ToyRobot", "ToyRobot.csproj", "{7E84FB8A-B961-4AB8-9FBF-B1664FA2984E}"
EndProject
Project("{9A19103F-16F7-4668-BE54-9A1E7A4F7556}") = "ToyRobot.UnitTests", "..\ToyRobot.Tests\ToyRobot.UnitTests.csproj", "{4EB53999-3E50-4437-84E6-D334DE27268A}"
EndProject
Global
	GlobalSection(SolutionConfigurationPlatforms) = preSolution
		Debug|Any CPU = Debug|Any CPU
		Release|Any CPU = Release|Any CPU
	EndGlobalSection
	GlobalSection(ProjectConfigurationPlatforms) = postSolution
		{7E84FB8A-B961-4AB8-9FBF-B1664FA2984E}.Debug|Any CPU.ActiveCfg = Debug|Any CPU
		{7E84FB8A-B961-4AB8-9FBF-B1664FA2984E}.Debug|Any CPU.Build.0 = Debug|Any CPU
		{7E84FB8A-B961-4AB8-9FBF-B1664FA2984E}.Release|Any CPU.ActiveCfg = Release|Any CPU
		{7E84FB8A-B961-4AB8-9FBF-B1664FA2984E}.Release|Any CPU.Build.0 = Release|Any CPU
		{4EB53999-3E50-4437-84E6-D334DE27268A}.Debug|Any CPU.ActiveCfg = Debug|Any CPU
		{4EB53999-3E50-4437-84E6-D334DE27268A}.Debug|Any CPU.Build.0 = Debug|Any CPU
		{4EB53999-3E50-4437-84E6-D334DE27268A}.Release|Any CPU.ActiveCfg = Release|Any CPU
		{4EB53999-3E50-4437-84E6-D334DE27268A}.Release|Any CPU.Build.0 = Release|Any CPU
	EndGlobalSection
	GlobalSection(SolutionProperties) = preSolution
		HideSolutionNode = FALSE
	EndGlobalSection
	GlobalSection(ExtensibilityGlobals) = postSolution
		SolutionGuid = {17ADFAF7-2403-4327-ABDB-EDFDA4296C68}
	EndGlobalSection
EndGlobal
